// !$*UTF8*$!
{
	archiveVersion = 1;
	classes = {
	};
	objectVersion = 56;
	objects = {

/* Begin PBXBuildFile section */
		A1000001233456780000001 /* SurflineFavoritesApp.swift in Sources */ = {isa = PBXBuildFile; fileRef = A1000001233456780000011; };
		A1000001233456780000002 /* AuthResponse.swift in Sources */ = {isa = PBXBuildFile; fileRef = A1000001233456780000012; };
		A1000001233456780000003 /* Spot.swift in Sources */ = {isa = PBXBuildFile; fileRef = A1000001233456780000013; };
		A1000001233456780000004 /* Forecast.swift in Sources */ = {isa = PBXBuildFile; fileRef = A1000001233456780000014; };
		A1000001233456780000005 /* KeychainManager.swift in Sources */ = {isa = PBXBuildFile; fileRef = A1000001233456780000015; };
		A1000001233456780000006 /* AuthManager.swift in Sources */ = {isa = PBXBuildFile; fileRef = A1000001233456780000016; };
		A1000001233456780000007 /* FavoritesStore.swift in Sources */ = {isa = PBXBuildFile; fileRef = A1000001233456780000017; };
		A1000001233456780000008 /* SurflineAPI.swift in Sources */ = {isa = PBXBuildFile; fileRef = A1000001233456780000018; };
		A1000001233456780000009 /* MenuBarView.swift in Sources */ = {isa = PBXBuildFile; fileRef = A1000001233456780000019; };
		A100000123345678000000A /* SpotRowView.swift in Sources */ = {isa = PBXBuildFile; fileRef = A100000123345678000001A; };
		A100000123345678000000B /* LoginView.swift in Sources */ = {isa = PBXBuildFile; fileRef = A100000123345678000001B; };
		A100000123345678000000C /* AddSpotView.swift in Sources */ = {isa = PBXBuildFile; fileRef = A100000123345678000001C; };
		A100000123345678000000D /* SettingsView.swift in Sources */ = {isa = PBXBuildFile; fileRef = A100000123345678000001D; };
		A100000123345678000000E /* Assets.xcassets in Resources */ = {isa = PBXBuildFile; fileRef = A100000123345678000001E; };
/* End PBXBuildFile section */

/* Begin PBXFileReference section */
		A1000001233456780000000 /* SurflineFavorites.app */ = {isa = PBXFileReference; explicitFileType = wrapper.application; includeInIndex = 0; path = SurflineFavorites.app; sourceTree = BUILT_PRODUCTS_DIR; };
		A1000001233456780000011 /* SurflineFavoritesApp.swift */ = {isa = PBXFileReference; lastKnownFileType = sourcecode.swift; path = SurflineFavoritesApp.swift; sourceTree = "<group>"; };
		A1000001233456780000012 /* AuthResponse.swift */ = {isa = PBXFileReference; lastKnownFileType = sourcecode.swift; path = AuthResponse.swift; sourceTree = "<group>"; };
		A1000001233456780000013 /* Spot.swift */ = {isa = PBXFileReference; lastKnownFileType = sourcecode.swift; path = Spot.swift; sourceTree = "<group>"; };
		A1000001233456780000014 /* Forecast.swift */ = {isa = PBXFileReference; lastKnownFileType = sourcecode.swift; path = Forecast.swift; sourceTree = "<group>"; };
		A1000001233456780000015 /* KeychainManager.swift */ = {isa = PBXFileReference; lastKnownFileType = sourcecode.swift; path = KeychainManager.swift; sourceTree = "<group>"; };
		A1000001233456780000016 /* AuthManager.swift */ = {isa = PBXFileReference; lastKnownFileType = sourcecode.swift; path = AuthManager.swift; sourceTree = "<group>"; };
		A1000001233456780000017 /* FavoritesStore.swift */ = {isa = PBXFileReference; lastKnownFileType = sourcecode.swift; path = FavoritesStore.swift; sourceTree = "<group>"; };
		A1000001233456780000018 /* SurflineAPI.swift */ = {isa = PBXFileReference; lastKnownFileType = sourcecode.swift; path = SurflineAPI.swift; sourceTree = "<group>"; };
		A1000001233456780000019 /* MenuBarView.swift */ = {isa = PBXFileReference; lastKnownFileType = sourcecode.swift; path = MenuBarView.swift; sourceTree = "<group>"; };
		A100000123345678000001A /* SpotRowView.swift */ = {isa = PBXFileReference; lastKnownFileType = sourcecode.swift; path = SpotRowView.swift; sourceTree = "<group>"; };
		A100000123345678000001B /* LoginView.swift */ = {isa = PBXFileReference; lastKnownFileType = sourcecode.swift; path = LoginView.swift; sourceTree = "<group>"; };
		A100000123345678000001C /* AddSpotView.swift */ = {isa = PBXFileReference; lastKnownFileType = sourcecode.swift; path = AddSpotView.swift; sourceTree = "<group>"; };
		A100000123345678000001D /* SettingsView.swift */ = {isa = PBXFileReference; lastKnownFileType = sourcecode.swift; path = SettingsView.swift; sourceTree = "<group>"; };
		A100000123345678000001E /* Assets.xcassets */ = {isa = PBXFileReference; lastKnownFileType = folder.assetcatalog; path = Assets.xcassets; sourceTree = "<group>"; };
		A100000123345678000001F /* SurflineFavorites.entitlements */ = {isa = PBXFileReference; lastKnownFileType = text.plist.entitlements; path = SurflineFavorites.entitlements; sourceTree = "<group>"; };
/* End PBXFileReference section */

/* Begin PBXFrameworksBuildPhase section */
		A1000001233456780000020 /* Frameworks */ = {
			isa = PBXFrameworksBuildPhase;
			buildActionMask = 2147483647;
			files = (
			);
			runOnlyForDeploymentPostprocessing = 0;
		};
/* End PBXFrameworksBuildPhase section */

/* Begin PBXGroup section */
		A1000001233456780000021 = {
			isa = PBXGroup;
			children = (
				A1000001233456780000022 /* SurflineFavorites */,
				A1000001233456780000023 /* Products */,
			);
			sourceTree = "<group>";
		};
		A1000001233456780000022 /* SurflineFavorites */ = {
			isa = PBXGroup;
			children = (
				A1000001233456780000011 /* SurflineFavoritesApp.swift */,
				A1000001233456780000024 /* Models */,
				A1000001233456780000025 /* Services */,
				A1000001233456780000026 /* Views */,
				A1000001233456780000027 /* Resources */,
				A100000123345678000001F /* SurflineFavorites.entitlements */,
			);
			path = SurflineFavorites;
			sourceTree = "<group>";
		};
		A1000001233456780000023 /* Products */ = {
			isa = PBXGroup;
			children = (
				A1000001233456780000000 /* SurflineFavorites.app */,
			);
			name = Products;
			sourceTree = "<group>";
		};
		A1000001233456780000024 /* Models */ = {
			isa = PBXGroup;
			children = (
				A1000001233456780000012 /* AuthResponse.swift */,
				A1000001233456780000013 /* Spot.swift */,
				A1000001233456780000014 /* Forecast.swift */,
			);
			path = Models;
			sourceTree = "<group>";
		};
		A1000001233456780000025 /* Services */ = {
			isa = PBXGroup;
			children = (
				A1000001233456780000015 /* KeychainManager.swift */,
				A1000001233456780000016 /* AuthManager.swift */,
				A1000001233456780000017 /* FavoritesStore.swift */,
				A1000001233456780000018 /* SurflineAPI.swift */,
			);
			path = Services;
			sourceTree = "<group>";
		};
		A1000001233456780000026 /* Views */ = {
			isa = PBXGroup;
			children = (
				A1000001233456780000019 /* MenuBarView.swift */,
				A100000123345678000001A /* SpotRowView.swift */,
				A100000123345678000001B /* LoginView.swift */,
				A100000123345678000001C /* AddSpotView.swift */,
				A100000123345678000001D /* SettingsView.swift */,
			);
			path = Views;
			sourceTree = "<group>";
		};
		A1000001233456780000027 /* Resources */ = {
			isa = PBXGroup;
			children = (
				A100000123345678000001E /* Assets.xcassets */,
			);
			path = Resources;
			sourceTree = "<group>";
		};
/* End PBXGroup section */

/* Begin PBXNativeTarget section */
		A1000001233456780000028 /* SurflineFavorites */ = {
			isa = PBXNativeTarget;
			buildConfigurationList = A1000001233456780000029 /* Build configuration list for PBXNativeTarget "SurflineFavorites" */;
			buildPhases = (
				A100000123345678000002A /* Sources */,
				A1000001233456780000020 /* Frameworks */,
				A100000123345678000002B /* Resources */,
			);
			buildRules = (
			);
			dependencies = (
			);
			name = SurflineFavorites;
			productName = SurflineFavorites;
			productReference = A1000001233456780000000 /* SurflineFavorites.app */;
			productType = "com.apple.product-type.application";
		};
/* End PBXNativeTarget section */

/* Begin PBXProject section */
		A100000123345678000002C /* Project object */ = {
			isa = PBXProject;
			attributes = {
				BuildIndependentTargetsInParallel = 1;
				LastSwiftUpdateCheck = 1500;
				LastUpgradeCheck = 1500;
				TargetAttributes = {
					A1000001233456780000028 = {
						CreatedOnToolsVersion = 15.0;
					};
				};
			};
			buildConfigurationList = A100000123345678000002D /* Build configuration list for PBXProject "SurflineFavorites" */;
			compatibilityVersion = "Xcode 14.0";
			developmentRegion = en;
			hasScannedForEncodings = 0;
			knownRegions = (
				en,
				Base,
			);
			mainGroup = A1000001233456780000021;
			productRefGroup = A1000001233456780000023 /* Products */;
			projectDirPath = "";
			projectRoot = "";
			targets = (
				A1000001233456780000028 /* SurflineFavorites */,
			);
		};
/* End PBXProject section */

/* Begin PBXResourcesBuildPhase section */
		A100000123345678000002B /* Resources */ = {
			isa = PBXResourcesBuildPhase;
			buildActionMask = 2147483647;
			files = (
				A100000123345678000000E /* Assets.xcassets in Resources */,
			);
			runOnlyForDeploymentPostprocessing = 0;
		};
/* End PBXResourcesBuildPhase section */

/* Begin PBXSourcesBuildPhase section */
		A100000123345678000002A /* Sources */ = {
			isa = PBXSourcesBuildPhase;
			buildActionMask = 2147483647;
			files = (
				A1000001233456780000001 /* SurflineFavoritesApp.swift in Sources */,
				A1000001233456780000002 /* AuthResponse.swift in Sources */,
				A1000001233456780000003 /* Spot.swift in Sources */,
				A1000001233456780000004 /* Forecast.swift in Sources */,
				A1000001233456780000005 /* KeychainManager.swift in Sources */,
				A1000001233456780000006 /* AuthManager.swift in Sources */,
				A1000001233456780000007 /* FavoritesStore.swift in Sources */,
				A1000001233456780000008 /* SurflineAPI.swift in Sources */,
				A1000001233456780000009 /* MenuBarView.swift in Sources */,
				A100000123345678000000A /* SpotRowView.swift in Sources */,
				A100000123345678000000B /* LoginView.swift in Sources */,
				A100000123345678000000C /* AddSpotView.swift in Sources */,
				A100000123345678000000D /* SettingsView.swift in Sources */,
			);
			runOnlyForDeploymentPostprocessing = 0;
		};
/* End PBXSourcesBuildPhase section */

/* Begin XCBuildConfiguration section */
		A100000123345678000002E /* Debug */ = {
			isa = XCBuildConfiguration;
			buildSettings = {
				ALWAYS_SEARCH_USER_PATHS = NO;
				ASSETCATALOG_COMPILER_GENERATE_SWIFT_ASSET_SYMBOL_EXTENSIONS = YES;
				CLANG_ANALYZER_NONNULL = YES;
				CLANG_ANALYZER_NUMBER_OBJECT_CONVERSION = YES_AGGRESSIVE;
				CLANG_CXX_LANGUAGE_STANDARD = "gnu++20";
				CLANG_ENABLE_MODULES = YES;
				CLANG_ENABLE_OBJC_ARC = YES;
				CLANG_ENABLE_OBJC_WEAK = YES;
				CLANG_WARN_BLOCK_CAPTURE_AUTORELEASING = YES;
				CLANG_WARN_BOOL_CONVERSION = YES;
				CLANG_WARN_COMMA = YES;
				CLANG_WARN_CONSTANT_CONVERSION = YES;
				CLANG_WARN_DEPRECATED_OBJC_IMPLEMENTATIONS = YES;
				CLANG_WARN_DIRECT_OBJC_ISA_USAGE = YES_ERROR;
				CLANG_WARN_DOCUMENTATION_COMMENTS = YES;
				CLANG_WARN_EMPTY_BODY = YES;
				CLANG_WARN_ENUM_CONVERSION = YES;
				CLANG_WARN_INFINITE_RECURSION = YES;
				CLANG_WARN_INT_CONVERSION = YES;
				CLANG_WARN_NON_LITERAL_NULL_CONVERSION = YES;
				CLANG_WARN_OBJC_IMPLICIT_RETAIN_SELF = YES;
				CLANG_WARN_OBJC_LITERAL_CONVERSION = YES;
				CLANG_WARN_OBJC_ROOT_CLASS = YES_ERROR;
				CLANG_WARN_QUOTED_INCLUDE_IN_FRAMEWORK_HEADER = YES;
				CLANG_WARN_RANGE_LOOP_ANALYSIS = YES;
				CLANG_WARN_STRICT_PROTOTYPES = YES;
				CLANG_WARN_SUSPICIOUS_MOVE = YES;
				CLANG_WARN_UNGUARDED_AVAILABILITY = YES_AGGRESSIVE;
				CLANG_WARN_UNREACHABLE_CODE = YES;
				CLANG_WARN__DUPLICATE_METHOD_MATCH = YES;
				COPY_PHASE_STRIP = NO;
				DEBUG_INFORMATION_FORMAT = dwarf;
				ENABLE_STRICT_OBJC_MSGSEND = YES;
				ENABLE_TESTABILITY = YES;
				ENABLE_USER_SCRIPT_SANDBOXING = YES;
				GCC_C_LANGUAGE_STANDARD = gnu17;
				GCC_DYNAMIC_NO_PIC = NO;
				GCC_NO_COMMON_BLOCKS = YES;
				GCC_OPTIMIZATION_LEVEL = 0;
				GCC_PREPROCESSOR_DEFINITIONS = (
					"DEBUG=1",
					"$(inherited)",
				);
				GCC_WARN_64_TO_32_BIT_CONVERSION = YES;
				GCC_WARN_ABOUT_RETURN_TYPE = YES_ERROR;
				GCC_WARN_UNDECLARED_SELECTOR = YES;
				GCC_WARN_UNINITIALIZED_AUTOS = YES_AGGRESSIVE;
				GCC_WARN_UNUSED_FUNCTION = YES;
				GCC_WARN_UNUSED_VARIABLE = YES;
				LOCALIZATION_PREFERS_STRING_CATALOGS = YES;
				MACOSX_DEPLOYMENT_TARGET = 14.0;
				MTL_ENABLE_DEBUG_INFO = INCLUDE_SOURCE;
				MTL_FAST_MATH = YES;
				ONLY_ACTIVE_ARCH = YES;
				SDKROOT = macosx;
				SWIFT_ACTIVE_COMPILATION_CONDITIONS = "DEBUG $(inherited)";
				SWIFT_OPTIMIZATION_LEVEL = "-Onone";
			};
			name = Debug;
		};
		A100000123345678000002F /* Release */ = {
			isa = XCBuildConfiguration;
			buildSettings = {
				ALWAYS_SEARCH_USER_PATHS = NO;
				ASSETCATALOG_COMPILER_GENERATE_SWIFT_ASSET_SYMBOL_EXTENSIONS = YES;
				CLANG_ANALYZER_NONNULL = YES;
				CLANG_ANALYZER_NUMBER_OBJECT_CONVERSION = YES_AGGRESSIVE;
				CLANG_CXX_LANGUAGE_STANDARD = "gnu++20";
				CLANG_ENABLE_MODULES = YES;
				CLANG_ENABLE_OBJC_ARC = YES;
				CLANG_ENABLE_OBJC_WEAK = YES;
				CLANG_WARN_BLOCK_CAPTURE_AUTORELEASING = YES;
				CLANG_WARN_BOOL_CONVERSION = YES;
				CLANG_WARN_COMMA = YES;
				CLANG_WARN_CONSTANT_CONVERSION = YES;
				CLANG_WARN_DEPRECATED_OBJC_IMPLEMENTATIONS = YES;
				CLANG_WARN_DIRECT_OBJC_ISA_USAGE = YES_ERROR;
				CLANG_WARN_DOCUMENTATION_COMMENTS = YES;
				CLANG_WARN_EMPTY_BODY = YES;
				CLANG_WARN_ENUM_CONVERSION = YES;
				CLANG_WARN_INFINITE_RECURSION = YES;
				CLANG_WARN_INT_CONVERSION = YES;
				CLANG_WARN_NON_LITERAL_NULL_CONVERSION = YES;
				CLANG_WARN_OBJC_IMPLICIT_RETAIN_SELF = YES;
				CLANG_WARN_OBJC_LITERAL_CONVERSION = YES;
				CLANG_WARN_OBJC_ROOT_CLASS = YES_ERROR;
				CLANG_WARN_QUOTED_INCLUDE_IN_FRAMEWORK_HEADER = YES;
				CLANG_WARN_RANGE_LOOP_ANALYSIS = YES;
				CLANG_WARN_STRICT_PROTOTYPES = YES;
				CLANG_WARN_SUSPICIOUS_MOVE = YES;
				CLANG_WARN_UNGUARDED_AVAILABILITY = YES_AGGRESSIVE;
				CLANG_WARN_UNREACHABLE_CODE = YES;
				CLANG_WARN__DUPLICATE_METHOD_MATCH = YES;
				COPY_PHASE_STRIP = NO;
				DEBUG_INFORMATION_FORMAT = "dwarf-with-dsym";
				ENABLE_NS_ASSERTIONS = NO;
				ENABLE_STRICT_OBJC_MSGSEND = YES;
				ENABLE_USER_SCRIPT_SANDBOXING = YES;
				GCC_C_LANGUAGE_STANDARD = gnu17;
				GCC_NO_COMMON_BLOCKS = YES;
				GCC_WARN_64_TO_32_BIT_CONVERSION = YES;
				GCC_WARN_ABOUT_RETURN_TYPE = YES_ERROR;
				GCC_WARN_UNDECLARED_SELECTOR = YES;
				GCC_WARN_UNINITIALIZED_AUTOS = YES_AGGRESSIVE;
				GCC_WARN_UNUSED_FUNCTION = YES;
				GCC_WARN_UNUSED_VARIABLE = YES;
				LOCALIZATION_PREFERS_STRING_CATALOGS = YES;
				MACOSX_DEPLOYMENT_TARGET = 14.0;
				MTL_ENABLE_DEBUG_INFO = NO;
				MTL_FAST_MATH = YES;
				SDKROOT = macosx;
				SWIFT_COMPILATION_MODE = wholemodule;
			};
			name = Release;
		};
		A1000001233456780000030 /* Debug */ = {
			isa = XCBuildConfiguration;
			buildSettings = {
				ASSETCATALOG_COMPILER_APPICON_NAME = AppIcon;
				ASSETCATALOG_COMPILER_GLOBAL_ACCENT_COLOR_NAME = AccentColor;
				CODE_SIGN_ENTITLEMENTS = SurflineFavorites/SurflineFavorites.entitlements;
				CODE_SIGN_STYLE = Automatic;
				COMBINE_HIDPI_IMAGES = YES;
				CURRENT_PROJECT_VERSION = 1;
				DEVELOPMENT_ASSET_PATHS = "";
				ENABLE_PREVIEWS = YES;
				GENERATE_INFOPLIST_FILE = YES;
				INFOPLIST_KEY_LSApplicationCategoryType = "public.app-category.weather";
				INFOPLIST_KEY_LSUIElement = YES;
				INFOPLIST_KEY_NSHumanReadableCopyright = "";
				LD_RUNPATH_SEARCH_PATHS = (
					"$(inherited)",
					"@executable_path/../Frameworks",
				);
				MARKETING_VERSION = 1.0;
				PRODUCT_BUNDLE_IDENTIFIER = com.surflinefavorites.app;
				PRODUCT_NAME = "$(TARGET_NAME)";
				SWIFT_EMIT_LOC_STRINGS = YES;
				SWIFT_VERSION = 5.0;
			};
			name = Debug;
		};
		A1000001233456780000031 /* Release */ = {
			isa = XCBuildConfiguration;
			buildSettings = {
				ASSETCATALOG_COMPILER_APPICON_NAME = AppIcon;
				ASSETCATALOG_COMPILER_GLOBAL_ACCENT_COLOR_NAME = AccentColor;
				CODE_SIGN_ENTITLEMENTS = SurflineFavorites/SurflineFavorites.entitlements;
				CODE_SIGN_STYLE = Automatic;
				COMBINE_HIDPI_IMAGES = YES;
				CURRENT_PROJECT_VERSION = 1;
				DEVELOPMENT_ASSET_PATHS = "";
				ENABLE_PREVIEWS = YES;
				GENERATE_INFOPLIST_FILE = YES;
				INFOPLIST_KEY_LSApplicationCategoryType = "public.app-category.weather";
				INFOPLIST_KEY_LSUIElement = YES;
				INFOPLIST_KEY_NSHumanReadableCopyright = "";
				LD_RUNPATH_SEARCH_PATHS = (
					"$(inherited)",
					"@executable_path/../Frameworks",
				);
				MARKETING_VERSION = 1.0;
				PRODUCT_BUNDLE_IDENTIFIER = com.surflinefavorites.app;
				PRODUCT_NAME = "$(TARGET_NAME)";
				SWIFT_EMIT_LOC_STRINGS = YES;
				SWIFT_VERSION = 5.0;
			};
			name = Release;
		};
/* End XCBuildConfiguration section */

/* Begin XCConfigurationList section */
		A1000001233456780000029 /* Build configuration list for PBXNativeTarget "SurflineFavorites" */ = {
			isa = XCConfigurationList;
			buildConfigurations = (
				A1000001233456780000030 /* Debug */,
				A1000001233456780000031 /* Release */,
			);
			defaultConfigurationIsVisible = 0;
			defaultConfigurationName = Release;
		};
		A100000123345678000002D /* Build configuration list for PBXProject "SurflineFavorites" */ = {
			isa = XCConfigurationList;
			buildConfigurations = (
				A100000123345678000002E /* Debug */,
				A100000123345678000002F /* Release */,
			);
			defaultConfigurationIsVisible = 0;
			defaultConfigurationName = Release;
		};
/* End XCConfigurationList section */
	};
	rootObject = A100000123345678000002C /* Project object */;
}
